{
  "version": "4",
  "specifiers": {
    "jsr:@hono/hono@^4.6.5": "4.6.5",
    "jsr:@maxim-mazurok/sax-ts@1.2.13": "1.2.13",
    "npm:axios@1.7.7": "1.7.7",
    "npm:rss-to-json@2.1.1": "2.1.1"
  },
  "jsr": {
    "@hono/hono@4.6.5": {
      "integrity": "68efe4a0ab7c4fb082cb71aa894a25e1c6cfad6d124dc943471e6758a7a1bdee"
    },
    "@maxim-mazurok/sax-ts@1.2.13": {
      "integrity": "9f2f9a3ac1b142400940a4c9e916656fe63d4710a78102aeb8e08e863de2c76d"
    }
  },
  "npm": {
    "asynckit@0.4.0": {
      "integrity": "sha512-Oei9OH4tRh0YqU3GxhX79dM/mwVgvbZJaSNaRk+bshkj0S5cfHcgYakreBjrHwatXKbz+IoIdYLxrKim2MjW0Q=="
    },
    "axios@1.7.7": {
      "integrity": "sha512-S4kL7XrjgBmvdGut0sN3yJxqYzrDOnivkBiN0OFs6hLiUam3UPvswUo0kqGyhqUZGEOytHyumEdXsAkgCOUf3Q==",
      "dependencies": [
        "follow-redirects",
        "form-data",
        "proxy-from-env"
      ]
    },
    "combined-stream@1.0.8": {
      "integrity": "sha512-FQN4MRfuJeHf7cBbBMJFXhKSDq+2kAArBlmRBvcvFE5BB1HZKXtSFASDhdlz9zOYwxh8lDdnvmMOe/+5cdoEdg==",
      "dependencies": [
        "delayed-stream"
      ]
    },
    "delayed-stream@1.0.0": {
      "integrity": "sha512-ZySD7Nf91aLB0RxL4KGrKHBXl7Eds1DAmEdcoVawXnLD7SDhpNgtuII2aAkg7a7QS41jxPSZ17p4VdGnMHk3MQ=="
    },
    "fast-xml-parser@4.5.0": {
      "integrity": "sha512-/PlTQCI96+fZMAOLMZK4CWG1ItCbfZ/0jx7UIJFChPNrx7tcEgerUgWbeieCM9MfHInUDyK8DWYZ+YrywDJuTg==",
      "dependencies": [
        "strnum"
      ]
    },
    "follow-redirects@1.15.9": {
      "integrity": "sha512-gew4GsXizNgdoRyqmyfMHyAmXsZDk6mHkSxZFCzW9gwlbtOW44CDtYavM+y+72qD/Vq2l550kMF52DT8fOLJqQ=="
    },
    "form-data@4.0.1": {
      "integrity": "sha512-tzN8e4TX8+kkxGPK8D5u0FNmjPUjw3lwC9lSLxxoB/+GtsJG91CO8bSWy73APlgAZzZbXEYZJuxjkHH2w+Ezhw==",
      "dependencies": [
        "asynckit",
        "combined-stream",
        "mime-types"
      ]
    },
    "mime-db@1.52.0": {
      "integrity": "sha512-sPU4uV7dYlvtWJxwwxHD0PuihVNiE7TyAbQ5SWxDCB9mUYvOgroQOwYQQOKPJ8CIbE+1ETVlOoK1UC2nU3gYvg=="
    },
    "mime-types@2.1.35": {
      "integrity": "sha512-ZDY+bPm5zTTF+YpCrAU9nK0UgICYPT0QtT1NZWFv4s++TNkcgVaT0g6+4R2uI4MjQjzysHB1zxuWL50hzaeXiw==",
      "dependencies": [
        "mime-db"
      ]
    },
    "proxy-from-env@1.1.0": {
      "integrity": "sha512-D+zkORCbA9f1tdWRK0RaCR3GPv50cMxcrz4X8k5LTSUD1Dkw47mKJEZQNunItRTkWwgtaUSo1RVFRIG9ZXiFYg=="
    },
    "rss-to-json@2.1.1": {
      "integrity": "sha512-xXf93iDpOadPWMtAUA/bT1iyifscdbIdtAQBGRbXLfnDQ5Z4tWpmbrAhV3p54nWxwm4joGIDeUrj6CLGm8BI3A==",
      "dependencies": [
        "axios",
        "fast-xml-parser"
      ]
    },
    "strnum@1.0.5": {
      "integrity": "sha512-J8bbNyKKXl5qYcR36TIO8W3mVGVHrmmxsd5PAItGkmyzwJvybiw2IVq5nqd0i4LSNSkB/sx9VHllbfFdr9k1JA=="
    }
  },
  "redirects": {
    "https://deno.land/x/case/mod.ts": "https://deno.land/x/case@2.2.0/mod.ts",
    "https://deno.land/x/rss/mod.ts": "https://deno.land/x/rss@1.1.1/mod.ts",
    "https://deno.land/x/zod/mod.ts": "https://deno.land/x/zod@v3.23.8/mod.ts"
  },
  "remote": {
    "https://deno.land/x/case@2.2.0/camelCase.ts": "b9a4cf361a7c9740ecb75e00b5e2c006bd4e5d40e442d26c5f2760286fa66796",
    "https://deno.land/x/case@2.2.0/constantCase.ts": "c698fc32f00cd267c1684b1d413d784260d7e7798f2bf506803e418497d839b5",
    "https://deno.land/x/case@2.2.0/dotCase.ts": "03ae55d5635e6a4ca894a003d9297cd9cd283af2e7d761dd3de13663849a9423",
    "https://deno.land/x/case@2.2.0/headerCase.ts": "3f6c8ab2ab30a88147326bce28a00d1189ec98ab61c83ab72ce79e852afddc4a",
    "https://deno.land/x/case@2.2.0/lowerCase.ts": "d75eb55cadfa589f9f2a973924a8a209054477d9574da669410f4d817ab25b41",
    "https://deno.land/x/case@2.2.0/lowerFirstCase.ts": "b001efbf2d715b53d066b22cdbf8eda7f99aa7108e3d12fb02f80d499bae93d9",
    "https://deno.land/x/case@2.2.0/mod.ts": "28b0b1329c7b18730799ac05627a433d9547c04b9bfb429116247c60edecd97b",
    "https://deno.land/x/case@2.2.0/normalCase.ts": "085c8b6f9d69283c8b86f2e504d43278c2be8b7e56a3ed8d4a5f395e398bdc29",
    "https://deno.land/x/case@2.2.0/paramCase.ts": "a234c9c17dfbaddee647b6571c2c90e8f6530123fed26c4546f4063d67c1609f",
    "https://deno.land/x/case@2.2.0/pascalCase.ts": "4b3ef0a68173871a821d306d4067e8f72d42aeeef1eea6aeab30af6bfa3d7427",
    "https://deno.land/x/case@2.2.0/pathCase.ts": "330a34b4df365b0291d8e36158235340131730aae6f6add66962ed2d0fbead4a",
    "https://deno.land/x/case@2.2.0/sentenceCase.ts": "b312cef147a13b58ffdf3c36bf55b33aa8322c91f4aa9b32318f3911bb92327f",
    "https://deno.land/x/case@2.2.0/snakeCase.ts": "e5ac1e08532ca397aa3150a0a3255d59f63a186d934e5094a8ffd24cbca7f955",
    "https://deno.land/x/case@2.2.0/swapCase.ts": "bb03742fcf613f733890680ceca1b39b65ed290f36a317fcd47edd517c4e0e1e",
    "https://deno.land/x/case@2.2.0/titleCase.ts": "c287131ea2c955e67cdd5cf604de96d31a8e2813305759922b9ed27e3be354e7",
    "https://deno.land/x/case@2.2.0/types.ts": "8e2bd6edaa27c0d1972c0d5b76698564740f37b4d3787d58d1fb5f48de611e61",
    "https://deno.land/x/case@2.2.0/upperCase.ts": "6cca267bb04d098bf4abf21e42e60c3e68ede89b12e525643c6b6eff3e10de34",
    "https://deno.land/x/case@2.2.0/upperFirstCase.ts": "b964c2d8d3a85c78cd35f609135cbde99d84b9522a21470336b5af80a37facbd",
    "https://deno.land/x/case@2.2.0/vendor/camelCaseRegexp.ts": "7d9ff02aad4ab6429eeab7c7353f7bcdd6cc5909a8bd3dda97918c8bbb7621ae",
    "https://deno.land/x/case@2.2.0/vendor/camelCaseUpperRegexp.ts": "292de54a698370f90adcdf95727993d09888b7f33d17f72f8e54ba75f7791787",
    "https://deno.land/x/case@2.2.0/vendor/nonWordRegexp.ts": "c1a052629a694144b48c66b0175a22a83f4d61cb40f4e45293fc5d6b123f927e",
    "https://deno.land/x/rss@1.1.1/deps.ts": "24c068a645f2af4e56c2fac530254446ce357b03e994a4dff9826820c09e00fd",
    "https://deno.land/x/rss@1.1.1/mod.ts": "95cfd02a4326a8f3516b16fcd30a8448e96c0f6c05b9f86cac57f021e4032983",
    "https://deno.land/x/rss@1.1.1/src/deserializer.ts": "bdd109f11983d4544e68ec997e0589f010e6bb81275472d7bd32bbdf0ec9a624",
    "https://deno.land/x/rss@1.1.1/src/mappers/mapper.ts": "0452f62ffb628be3df145454e46aa09f5e63738b216d3a085ce08eed37f0f6a7",
    "https://deno.land/x/rss@1.1.1/src/mappers/media_mapper.ts": "aeaa9f0c86bd69515069cb15b5be4762ebca1e24eb175a03098086796bc25248",
    "https://deno.land/x/rss@1.1.1/src/resolvers/atom_resolver.ts": "a8dee15079be1cb591a345c93189c4c0a9d66ef78665c3f3dc0424af0293c227",
    "https://deno.land/x/rss@1.1.1/src/resolvers/dublin_core_resolver.ts": "aca2b6f7d0b5ad4571b25b25ae19103ed333ebd2ff511d0977a07f42856497d4",
    "https://deno.land/x/rss@1.1.1/src/resolvers/media_rss_resolver.ts": "5135310ff4f173d294f496d11c99d5c9806ddf96e02986c0e3b70ccbf8b260ab",
    "https://deno.land/x/rss@1.1.1/src/resolvers/rss1_resolver.ts": "52de61df37f29f2574cfe52f44171b0c2a83211944f62896a6774be36edc5c46",
    "https://deno.land/x/rss@1.1.1/src/resolvers/rss2_resolver.ts": "543ddaf6df3ff27d8f89a9253a6b18f7287839d8b65465bda5839152f075923f",
    "https://deno.land/x/rss@1.1.1/src/resolvers/slash_resolver.ts": "468167c5a0e6df0baabe75000133087919a7edcfc804486c2512978f78bd5123",
    "https://deno.land/x/rss@1.1.1/src/resolvers/types/resolver_result.ts": "c0b211a60e799da35911aa8e6a4e882b2282261db00f94288fdc353054bd55b3",
    "https://deno.land/x/rss@1.1.1/src/types/atom.ts": "49726f13bce85e829cbcddff038652a8bc8c55279d8b07194a6b088035168a59",
    "https://deno.land/x/rss@1.1.1/src/types/deserialization_result.ts": "4f1c7a44c8c508fca4ce1558c73626ed2505140d85824208bc6512736f48aef7",
    "https://deno.land/x/rss@1.1.1/src/types/dublin_core.ts": "3593c2dc780a948d14e7d1da64ce18060a06035d249af6273dcb7abe1b124459",
    "https://deno.land/x/rss@1.1.1/src/types/feed.ts": "95f8421e99069a625f267fa8d3d765d606e44eebcedc8967ae9994cde2f62127",
    "https://deno.land/x/rss@1.1.1/src/types/feed_type.ts": "b2098f23982be344a19f00915437550d1e4002fb653ac9e34455a90119ee4e6c",
    "https://deno.land/x/rss@1.1.1/src/types/fields/atom_fields.ts": "85bf1a4b3e917baa3c94f3fba8283b678d5a10e78a16c42cfa19b2ee0bf210b3",
    "https://deno.land/x/rss@1.1.1/src/types/fields/dublin_core_fields.ts": "fd6b7e5b660a4f99cabb7a62ae91ab48579de340e57c8dd7ad62c992e64c1644",
    "https://deno.land/x/rss@1.1.1/src/types/fields/media_rss_fields.ts": "076b1e23b6ca99002ffb13e5859164acdf45617aea90440acc75fb28f3aa00b4",
    "https://deno.land/x/rss@1.1.1/src/types/fields/rss1_fields.ts": "04da9ca7d3fe2b59626c6b3bd18bfd41bf1b1531bc33f2d4f420f10da4e84f7e",
    "https://deno.land/x/rss@1.1.1/src/types/fields/rss2_fields.ts": "c5041472e42cdf04e9f6b2e6e2e334b016aff40524c9a4a4f2c3a5875f9508ea",
    "https://deno.land/x/rss@1.1.1/src/types/fields/slash_fields.ts": "11a1cf81744fe3b2bddbcf3a3ce6f86406d250198ef8c41e6fa58dd652e2e466",
    "https://deno.land/x/rss@1.1.1/src/types/internal/internal_atom.ts": "71427068e4716e11d4af7ee49d06000c5ad8e7bed91395661285c025a9964d53",
    "https://deno.land/x/rss@1.1.1/src/types/internal/internal_dublin_core.ts": "8b25fd4e4d296068c78da9dafb5af43cf58e2202d236a636068395722119309a",
    "https://deno.land/x/rss@1.1.1/src/types/internal/internal_media_rss.ts": "9dc16a181e9c202d2f69a458dfe452875176f0d118ed32d8fafd4733f074a967",
    "https://deno.land/x/rss@1.1.1/src/types/internal/internal_rss1.ts": "844a931f74950bf50415758f236ed9b7df8a9d9996326582365d721378794974",
    "https://deno.land/x/rss@1.1.1/src/types/internal/internal_rss2.ts": "84a63a3dbeddc50e7a61303b083abc351d2287b5ac715eca4f4db8f4b006b504",
    "https://deno.land/x/rss@1.1.1/src/types/json_feed.ts": "9c1ca23c484166d9e3eb17aa1f0070b2edbd7205c045e5f10e5035e6991bb62d",
    "https://deno.land/x/rss@1.1.1/src/types/media_rss.ts": "ff975e5f6f71291c904caf86b9f0b033f946dd6969f8e184ef031b93981a0c15",
    "https://deno.land/x/rss@1.1.1/src/types/open_tag.ts": "89bc7d8c972bdd184dc9b784e8ec04114ba6bc04da33567f814cf1b295fe942d",
    "https://deno.land/x/rss@1.1.1/src/types/rss1.ts": "30335c0ec9c02e5ebb0ffbe5d8341a23b9c261cd85a7a7780bb6f9523fe406f9",
    "https://deno.land/x/rss@1.1.1/src/types/rss2.ts": "e71052107ea616cbd74e2c2e3c2f0c42680a97ec9ce2edfd6f440ab98ff89581",
    "https://deno.land/x/rss@1.1.1/src/types/slash.ts": "2683b96e783146bb5b63ad487702be35f2d721129851aa09caa2ec73a4027a25",
    "https://deno.land/x/rss@1.1.1/src/types/value_field.ts": "27bf4039789ad4fc2044137de736651d0e416dfd461e8dda9b0800cc735900d3",
    "https://deno.land/x/rss@1.1.1/src/util.ts": "65e8200cdb00666b441883358e178b2a86a76ae5544d27c2297181075ca13f4b",
    "https://deno.land/x/zod@v3.23.8/ZodError.ts": "528da200fbe995157b9ae91498b103c4ef482217a5c086249507ac850bd78f52",
    "https://deno.land/x/zod@v3.23.8/errors.ts": "5285922d2be9700cc0c70c95e4858952b07ae193aa0224be3cbd5cd5567eabef",
    "https://deno.land/x/zod@v3.23.8/external.ts": "a6cfbd61e9e097d5f42f8a7ed6f92f93f51ff927d29c9fbaec04f03cbce130fe",
    "https://deno.land/x/zod@v3.23.8/helpers/enumUtil.ts": "54efc393cc9860e687d8b81ff52e980def00fa67377ad0bf8b3104f8a5bf698c",
    "https://deno.land/x/zod@v3.23.8/helpers/errorUtil.ts": "7a77328240be7b847af6de9189963bd9f79cab32bbc61502a9db4fe6683e2ea7",
    "https://deno.land/x/zod@v3.23.8/helpers/parseUtil.ts": "c14814d167cc286972b6e094df88d7d982572a08424b7cd50f862036b6fcaa77",
    "https://deno.land/x/zod@v3.23.8/helpers/partialUtil.ts": "998c2fe79795257d4d1cf10361e74492f3b7d852f61057c7c08ac0a46488b7e7",
    "https://deno.land/x/zod@v3.23.8/helpers/typeAliases.ts": "0fda31a063c6736fc3cf9090dd94865c811dfff4f3cb8707b932bf937c6f2c3e",
    "https://deno.land/x/zod@v3.23.8/helpers/util.ts": "30c273131661ca5dc973f2cfb196fa23caf3a43e224cdde7a683b72e101a31fc",
    "https://deno.land/x/zod@v3.23.8/index.ts": "d27aabd973613985574bc31f39e45cb5d856aa122ef094a9f38a463b8ef1a268",
    "https://deno.land/x/zod@v3.23.8/locales/en.ts": "a7a25cd23563ccb5e0eed214d9b31846305ddbcdb9c5c8f508b108943366ab4c",
    "https://deno.land/x/zod@v3.23.8/mod.ts": "ec6e2b1255c1a350b80188f97bd0a6bac45801bb46fc48f50b9763aa66046039",
    "https://deno.land/x/zod@v3.23.8/types.ts": "1b172c90782b1eaa837100ebb6abd726d79d6c1ec336350c8e851e0fd706bf5c"
  },
  "workspace": {
    "dependencies": [
      "jsr:@hono/hono@^4.6.5"
    ]
  }
}
